
Microsoft Visual Studio Solution File, Format Version 12.00
# Visual Studio 14
VisualStudioVersion = 14.0.23107.0
MinimumVisualStudioVersion = 10.0.40219.1
Project("{FAE04EC0-301F-11D3-BF4B-00C04F79EFBC}") = "csWebDotNetLib", "csWebDotNetLib.csproj", "{72B8D275-8F6D-4F03-B0FB-5742FE115117}"
EndProject
Project("{FAE04EC0-301F-11D3-BF4B-00C04F79EFBC}") = "csWebDotNetExample", "..\csWebDotNetExample\csWebDotNetExample.csproj", "{070E96E1-F398-4175-86B1-D216FBC79CEB}"
EndProject
Global
	GlobalSection(SolutionConfigurationPlatforms) = preSolution
		Debug|Any CPU = Debug|Any CPU
		Release|Any CPU = Release|Any CPU
	EndGlobalSection
	GlobalSection(ProjectConfigurationPlatforms) = postSolution
		{72B8D275-8F6D-4F03-B0FB-5742FE115117}.Debug|Any CPU.ActiveCfg = Debug|Any CPU
		{72B8D275-8F6D-4F03-B0FB-5742FE115117}.Debug|Any CPU.Build.0 = Debug|Any CPU
		{72B8D275-8F6D-4F03-B0FB-5742FE115117}.Release|Any CPU.ActiveCfg = Release|Any CPU
		{72B8D275-8F6D-4F03-B0FB-5742FE115117}.Release|Any CPU.Build.0 = Release|Any CPU
		{070E96E1-F398-4175-86B1-D216FBC79CEB}.Debug|Any CPU.ActiveCfg = Debug|Any CPU
		{070E96E1-F398-4175-86B1-D216FBC79CEB}.Debug|Any CPU.Build.0 = Debug|Any CPU
		{070E96E1-F398-4175-86B1-D216FBC79CEB}.Release|Any CPU.ActiveCfg = Release|Any CPU
		{070E96E1-F398-4175-86B1-D216FBC79CEB}.Release|Any CPU.Build.0 = Release|Any CPU
	EndGlobalSection
	GlobalSection(SolutionProperties) = preSolution
		HideSolutionNode = FALSE
	EndGlobalSection
EndGlobal
