
Microsoft Visual Studio Solution File, Format Version 12.00
# Visual Studio 2013
VisualStudioVersion = 12.0.30723.0
MinimumVisualStudioVersion = 10.0.40219.1
Project("{FAE04EC0-301F-11D3-BF4B-00C04F79EFBC}") = "LumenWorks.Framework.IO", "LumenWorks.Framework.IO\LumenWorks.Framework.IO.csproj", "{E3B83D68-C90C-4874-8E5F-DEC8D038BC7C}"
EndProject
Project("{FAE04EC0-301F-11D3-BF4B-00C04F79EFBC}") = "CsvToDataService", "CsvToDataService\CsvToDataService.csproj", "{7B073F6A-CA97-4E3E-8557-18507526D1B2}"
EndProject
Project("{FAE04EC0-301F-11D3-BF4B-00C04F79EFBC}") = "ShapeToPoiConverter", "..\ShapeParser\ShapeToPoiConverter.csproj", "{BF8B9402-1872-4AAC-B79C-A1A162319065}"
EndProject
Project("{FAE04EC0-301F-11D3-BF4B-00C04F79EFBC}") = "CsvPoiParser", "CsvPoiParser\CsvPoiParser.csproj", "{D8FDB06C-8689-424E-A0B1-3777A3F60507}"
EndProject
Project("{FAE04EC0-301F-11D3-BF4B-00C04F79EFBC}") = "BagDataAccess", "BagDataAccess\BagDataAccess.csproj", "{7479699D-F91C-45A1-9325-DC1A58A4AB16}"
EndProject
Project("{FAE04EC0-301F-11D3-BF4B-00C04F79EFBC}") = "CommonSense", "..\..\framework\csCommonSense\CommonSense.csproj", "{ACAF8963-C1DB-4F83-8C88-ADA9C39580D4}"
EndProject
Project("{FAE04EC0-301F-11D3-BF4B-00C04F79EFBC}") = "SplitContainer", "SplitContainer\SplitContainer\SplitContainer.csproj", "{AC78AC0C-F24C-440C-89DC-AF8DA50CCC13}"
EndProject
Project("{FAE04EC0-301F-11D3-BF4B-00C04F79EFBC}") = "RdToLatLong", "RdToLatLong\RdToLatLong.csproj", "{F73F2203-7A38-4C4C-9D6F-3B45E864AD34}"
EndProject
Global
	GlobalSection(SolutionConfigurationPlatforms) = preSolution
		Debug|Any CPU = Debug|Any CPU
		Debug|x86 = Debug|x86
		Release|Any CPU = Release|Any CPU
		Release|x86 = Release|x86
	EndGlobalSection
	GlobalSection(ProjectConfigurationPlatforms) = postSolution
		{E3B83D68-C90C-4874-8E5F-DEC8D038BC7C}.Debug|Any CPU.ActiveCfg = Debug|Any CPU
		{E3B83D68-C90C-4874-8E5F-DEC8D038BC7C}.Debug|Any CPU.Build.0 = Debug|Any CPU
		{E3B83D68-C90C-4874-8E5F-DEC8D038BC7C}.Debug|x86.ActiveCfg = Debug|Any CPU
		{E3B83D68-C90C-4874-8E5F-DEC8D038BC7C}.Release|Any CPU.ActiveCfg = Release|Any CPU
		{E3B83D68-C90C-4874-8E5F-DEC8D038BC7C}.Release|Any CPU.Build.0 = Release|Any CPU
		{E3B83D68-C90C-4874-8E5F-DEC8D038BC7C}.Release|x86.ActiveCfg = Release|Any CPU
		{7B073F6A-CA97-4E3E-8557-18507526D1B2}.Debug|Any CPU.ActiveCfg = Debug|Any CPU
		{7B073F6A-CA97-4E3E-8557-18507526D1B2}.Debug|Any CPU.Build.0 = Debug|Any CPU
		{7B073F6A-CA97-4E3E-8557-18507526D1B2}.Debug|x86.ActiveCfg = Debug|Any CPU
		{7B073F6A-CA97-4E3E-8557-18507526D1B2}.Release|Any CPU.ActiveCfg = Release|Any CPU
		{7B073F6A-CA97-4E3E-8557-18507526D1B2}.Release|Any CPU.Build.0 = Release|Any CPU
		{7B073F6A-CA97-4E3E-8557-18507526D1B2}.Release|x86.ActiveCfg = Release|Any CPU
		{BF8B9402-1872-4AAC-B79C-A1A162319065}.Debug|Any CPU.ActiveCfg = Debug|Any CPU
		{BF8B9402-1872-4AAC-B79C-A1A162319065}.Debug|x86.ActiveCfg = Debug|Any CPU
		{BF8B9402-1872-4AAC-B79C-A1A162319065}.Release|Any CPU.ActiveCfg = Release|Any CPU
		{BF8B9402-1872-4AAC-B79C-A1A162319065}.Release|Any CPU.Build.0 = Release|Any CPU
		{BF8B9402-1872-4AAC-B79C-A1A162319065}.Release|x86.ActiveCfg = Release|Any CPU
		{D8FDB06C-8689-424E-A0B1-3777A3F60507}.Debug|Any CPU.ActiveCfg = Debug|Any CPU
		{D8FDB06C-8689-424E-A0B1-3777A3F60507}.Debug|Any CPU.Build.0 = Debug|Any CPU
		{D8FDB06C-8689-424E-A0B1-3777A3F60507}.Debug|x86.ActiveCfg = Debug|Any CPU
		{D8FDB06C-8689-424E-A0B1-3777A3F60507}.Release|Any CPU.ActiveCfg = Release|Any CPU
		{D8FDB06C-8689-424E-A0B1-3777A3F60507}.Release|Any CPU.Build.0 = Release|Any CPU
		{D8FDB06C-8689-424E-A0B1-3777A3F60507}.Release|x86.ActiveCfg = Release|Any CPU
		{7479699D-F91C-45A1-9325-DC1A58A4AB16}.Debug|Any CPU.ActiveCfg = Debug|Any CPU
		{7479699D-F91C-45A1-9325-DC1A58A4AB16}.Debug|Any CPU.Build.0 = Debug|Any CPU
		{7479699D-F91C-45A1-9325-DC1A58A4AB16}.Debug|x86.ActiveCfg = Debug|Any CPU
		{7479699D-F91C-45A1-9325-DC1A58A4AB16}.Release|Any CPU.ActiveCfg = Release|Any CPU
		{7479699D-F91C-45A1-9325-DC1A58A4AB16}.Release|Any CPU.Build.0 = Release|Any CPU
		{7479699D-F91C-45A1-9325-DC1A58A4AB16}.Release|x86.ActiveCfg = Release|Any CPU
		{ACAF8963-C1DB-4F83-8C88-ADA9C39580D4}.Debug|Any CPU.ActiveCfg = Debug|Any CPU
		{ACAF8963-C1DB-4F83-8C88-ADA9C39580D4}.Debug|Any CPU.Build.0 = Debug|Any CPU
		{ACAF8963-C1DB-4F83-8C88-ADA9C39580D4}.Debug|x86.ActiveCfg = Debug|x86
		{ACAF8963-C1DB-4F83-8C88-ADA9C39580D4}.Debug|x86.Build.0 = Debug|x86
		{ACAF8963-C1DB-4F83-8C88-ADA9C39580D4}.Release|Any CPU.ActiveCfg = Release|Any CPU
		{ACAF8963-C1DB-4F83-8C88-ADA9C39580D4}.Release|Any CPU.Build.0 = Release|Any CPU
		{ACAF8963-C1DB-4F83-8C88-ADA9C39580D4}.Release|x86.ActiveCfg = Release|x86
		{ACAF8963-C1DB-4F83-8C88-ADA9C39580D4}.Release|x86.Build.0 = Release|x86
		{AC78AC0C-F24C-440C-89DC-AF8DA50CCC13}.Debug|Any CPU.ActiveCfg = Debug|Any CPU
		{AC78AC0C-F24C-440C-89DC-AF8DA50CCC13}.Debug|Any CPU.Build.0 = Debug|Any CPU
		{AC78AC0C-F24C-440C-89DC-AF8DA50CCC13}.Debug|x86.ActiveCfg = Debug|Any CPU
		{AC78AC0C-F24C-440C-89DC-AF8DA50CCC13}.Release|Any CPU.ActiveCfg = Release|Any CPU
		{AC78AC0C-F24C-440C-89DC-AF8DA50CCC13}.Release|Any CPU.Build.0 = Release|Any CPU
		{AC78AC0C-F24C-440C-89DC-AF8DA50CCC13}.Release|x86.ActiveCfg = Release|Any CPU
		{F73F2203-7A38-4C4C-9D6F-3B45E864AD34}.Debug|Any CPU.ActiveCfg = Debug|Any CPU
		{F73F2203-7A38-4C4C-9D6F-3B45E864AD34}.Debug|Any CPU.Build.0 = Debug|Any CPU
		{F73F2203-7A38-4C4C-9D6F-3B45E864AD34}.Debug|x86.ActiveCfg = Debug|Any CPU
		{F73F2203-7A38-4C4C-9D6F-3B45E864AD34}.Release|Any CPU.ActiveCfg = Release|Any CPU
		{F73F2203-7A38-4C4C-9D6F-3B45E864AD34}.Release|Any CPU.Build.0 = Release|Any CPU
		{F73F2203-7A38-4C4C-9D6F-3B45E864AD34}.Release|x86.ActiveCfg = Release|Any CPU
	EndGlobalSection
	GlobalSection(SolutionProperties) = preSolution
		HideSolutionNode = FALSE
	EndGlobalSection
EndGlobal
