
Microsoft Visual Studio Solution File, Format Version 12.00
# Visual Studio 2012
Project("{FAE04EC0-301F-11D3-BF4B-00C04F79EFBC}") = "ExcelServiceClient", "ExcelServiceClient\ExcelServiceClient.csproj", "{9BA5619D-AF1E-42F3-974C-63BFC276D5CD}"
EndProject
Project("{FAE04EC0-301F-11D3-BF4B-00C04F79EFBC}") = "ExcelService", "ExcelService\ExcelService.csproj", "{95576E39-4D4F-4D26-9607-813C3AF93387}"
EndProject
Project("{FAE04EC0-301F-11D3-BF4B-00C04F79EFBC}") = "ExcelServiceModel", "ExcelServiceModel\ExcelServiceModel.csproj", "{0EAE7B8D-C5DB-4ED5-B9C8-4E2C143AA2B8}"
EndProject
Project("{2150E333-8FDC-42A3-9474-1A3956D46DE8}") = ".nuget", ".nuget", "{F562CF39-D682-4519-8904-B758C3C034C6}"
	ProjectSection(SolutionItems) = preProject
		.nuget\NuGet.Config = .nuget\NuGet.Config
		.nuget\NuGet.exe = .nuget\NuGet.exe
		.nuget\NuGet.targets = .nuget\NuGet.targets
	EndProjectSection
EndProject
Global
	GlobalSection(SolutionConfigurationPlatforms) = preSolution
		Debug|Any CPU = Debug|Any CPU
		Release|Any CPU = Release|Any CPU
	EndGlobalSection
	GlobalSection(ProjectConfigurationPlatforms) = postSolution
		{9BA5619D-AF1E-42F3-974C-63BFC276D5CD}.Debug|Any CPU.ActiveCfg = Debug|Any CPU
		{9BA5619D-AF1E-42F3-974C-63BFC276D5CD}.Debug|Any CPU.Build.0 = Debug|Any CPU
		{9BA5619D-AF1E-42F3-974C-63BFC276D5CD}.Release|Any CPU.ActiveCfg = Release|Any CPU
		{9BA5619D-AF1E-42F3-974C-63BFC276D5CD}.Release|Any CPU.Build.0 = Release|Any CPU
		{95576E39-4D4F-4D26-9607-813C3AF93387}.Debug|Any CPU.ActiveCfg = Debug|Any CPU
		{95576E39-4D4F-4D26-9607-813C3AF93387}.Debug|Any CPU.Build.0 = Debug|Any CPU
		{95576E39-4D4F-4D26-9607-813C3AF93387}.Release|Any CPU.ActiveCfg = Release|Any CPU
		{95576E39-4D4F-4D26-9607-813C3AF93387}.Release|Any CPU.Build.0 = Release|Any CPU
		{0EAE7B8D-C5DB-4ED5-B9C8-4E2C143AA2B8}.Debug|Any CPU.ActiveCfg = Debug|Any CPU
		{0EAE7B8D-C5DB-4ED5-B9C8-4E2C143AA2B8}.Debug|Any CPU.Build.0 = Debug|Any CPU
		{0EAE7B8D-C5DB-4ED5-B9C8-4E2C143AA2B8}.Release|Any CPU.ActiveCfg = Release|Any CPU
		{0EAE7B8D-C5DB-4ED5-B9C8-4E2C143AA2B8}.Release|Any CPU.Build.0 = Release|Any CPU
	EndGlobalSection
	GlobalSection(SolutionProperties) = preSolution
		HideSolutionNode = FALSE
	EndGlobalSection
	GlobalSection(Performance) = preSolution
		HasPerformanceSessions = true
	EndGlobalSection
EndGlobal
